{
  "name": "telecloud-ui",
  "lockfileVersion": 2,
  "requires": true,
  "packages": {
    "": {
      "name": "telecloud-ui",
      "dependencies": {
        "axios": "^0.25.0",
        "classnames": "^2.3.1",
        "file-saver": "^2.0.5",
        "next": "12.0.9",
        "next-connect": "^0.11.0",
        "next-themes": "^0.0.15",
        "qrcode.react": "^1.0.1",
        "react": "17.0.2",
        "react-cookie": "^4.1.1",
        "react-dom": "17.0.2",
        "react-feather": "^2.0.9",
        "react-selecto": "^1.13.2",
        "react-toastify": "^8.1.0"
      },
      "devDependencies": {
        "@types/file-saver": "^2.0.5",
        "@types/node": "17.0.13",
        "@types/qrcode.react": "^1.0.2",
        "@types/react": "17.0.38",
        "eslint": "^8.7.0",
        "eslint-config-next": "12.0.9",
        "typescript": "4.5.5"
      }
    },
    "node_modules/@daybrush/utils": {
      "version": "1.6.0",
      "resolved": "https://registry.npmjs.org/@daybrush/utils/-/utils-1.6.0.tgz",
      "integrity": "sha512-9MjMoOLl1U+l8lXByN3BbLZXf+mktoLyeb6t78Jz2WZ7LRldK0FNg8oW//9giO2hHCUyxS7LX6jS1hToGIfRWA=="
    },
    "node_modules/@egjs/children-differ": {
      "version": "1.0.1",
      "resolved": "https://registry.npmjs.org/@egjs/children-differ/-/children-differ-1.0.1.tgz",
      "integrity": "sha512-DRvyqMf+CPCOzAopQKHtW+X8iN6Hy6SFol+/7zCUiE5y4P/OB8JP8FtU4NxtZwtafvSL4faD5KoQYPj3JHzPFQ==",
      "dependencies": {
        "@egjs/list-differ": "^1.0.0"
      }
    },
    "node_modules/@egjs/list-differ": {
      "version": "1.0.0",
      "resolved": "https://registry.npmjs.org/@egjs/list-differ/-/list-differ-1.0.0.tgz",
      "integrity": "sha512-HsbMKc0ZAQH+EUeCmI/2PvTYSybmkaWwakU8QGDYYgMVIg9BQ5sM0A0Nnombjxo2+JzXHxmH+jw//yGX+y6GYw=="
    },
    "node_modules/@eslint/eslintrc": {
      "version": "1.0.5",
      "dev": true,
      "license": "MIT",
      "dependencies": {
        "ajv": "^6.12.4",
        "debug": "^4.3.2",
        "espree": "^9.2.0",
        "globals": "^13.9.0",
        "ignore": "^4.0.6",
        "import-fresh": "^3.2.1",
        "js-yaml": "^4.1.0",
        "minimatch": "^3.0.4",
        "strip-json-comments": "^3.1.1"
      },
      "engines": {
        "node": "^12.22.0 || ^14.17.0 || >=16.0.0"
      }
    },
    "node_modules/@humanwhocodes/config-array": {
      "version": "0.9.3",
      "dev": true,
      "license": "Apache-2.0",
      "dependencies": {
        "@humanwhocodes/object-schema": "^1.2.1",
        "debug": "^4.1.1",
        "minimatch": "^3.0.4"
      },
      "engines": {
        "node": ">=10.10.0"
      }
    },
    "node_modules/@next/env": {
      "version": "12.0.9",
      "license": "MIT"
    },
    "node_modules/@next/eslint-plugin-next": {
      "version": "12.0.9",
      "dev": true,
      "license": "MIT",
      "dependencies": {
        "glob": "7.1.7"
      }
    },
    "node_modules/@next/swc-darwin-arm64": {
      "version": "12.0.9",
      "cpu": [
        "arm64"
      ],
      "license": "MIT",
      "optional": true,
      "os": [
        "darwin"
      ],
      "engines": {
        "node": ">= 10"
      }
    },
    "node_modules/@scena/dragscroll": {
      "version": "1.0.3",
      "resolved": "https://registry.npmjs.org/@scena/dragscroll/-/dragscroll-1.0.3.tgz",
      "integrity": "sha512-jkQ6i9+a4mNBQRQUPtagyV5/P2NauHKp5on4pcnHIRLFG25sPFy3h/VwwgNXwtQFRS1S6taBpnA5Nk87zwg42w==",
      "dependencies": {
        "@daybrush/utils": "1.6.0",
        "@scena/event-emitter": "^1.0.2"
      }
    },
    "node_modules/@scena/event-emitter": {
      "version": "1.0.5",
      "resolved": "https://registry.npmjs.org/@scena/event-emitter/-/event-emitter-1.0.5.tgz",
      "integrity": "sha512-AzY4OTb0+7ynefmWFQ6hxDdk0CySAq/D4efljfhtRHCOP7MBF9zUfhKG3TJiroVjASqVgkRJFdenS8ArZo6Olg==",
      "dependencies": {
        "@daybrush/utils": "^1.1.1"
      }
    },
    "node_modules/@scena/matrix": {
      "version": "1.1.1",
      "resolved": "https://registry.npmjs.org/@scena/matrix/-/matrix-1.1.1.tgz",
      "integrity": "sha512-JVKBhN0tm2Srl+Yt+Ywqu0oLgLcdemDQlD1OxmN9jaCTwaFPZ7tY8n6dhVgMEaR9qcR7r+kAlMXnSfNyYdE+Vg==",
      "dependencies": {
        "@daybrush/utils": "^1.4.0"
      }
    },
    "node_modules/@types/cookie": {
      "version": "0.3.3",
      "resolved": "https://registry.npmjs.org/@types/cookie/-/cookie-0.3.3.tgz",
      "integrity": "sha512-LKVP3cgXBT9RYj+t+9FDKwS5tdI+rPBXaNSkma7hvqy35lc7mAokC2zsqWJH0LaqIt3B962nuYI77hsJoT1gow=="
    },
    "node_modules/@types/file-saver": {
      "version": "2.0.5",
      "resolved": "https://registry.npmjs.org/@types/file-saver/-/file-saver-2.0.5.tgz",
      "integrity": "sha512-zv9kNf3keYegP5oThGLaPk8E081DFDuwfqjtiTzm6PoxChdJ1raSuADf2YGCVIyrSynLrgc8JWv296s7Q7pQSQ==",
      "dev": true
    },
    "node_modules/@types/hoist-non-react-statics": {
      "version": "3.3.1",
      "resolved": "https://registry.npmjs.org/@types/hoist-non-react-statics/-/hoist-non-react-statics-3.3.1.tgz",
      "integrity": "sha512-iMIqiko6ooLrTh1joXodJK5X9xeEALT1kM5G3ZLhD3hszxBdIEd5C75U834D9mLcINgD4OyZf5uQXjkuYydWvA==",
      "dependencies": {
        "@types/react": "*",
        "hoist-non-react-statics": "^3.3.0"
      }
    },
    "node_modules/@types/node": {
      "version": "17.0.13",
      "dev": true,
      "license": "MIT"
    },
    "node_modules/@types/qrcode.react": {
      "version": "1.0.2",
      "resolved": "https://registry.npmjs.org/@types/qrcode.react/-/qrcode.react-1.0.2.tgz",
      "integrity": "sha512-I9Oq5Cjlkgy3Tw7krCnCXLw2/zMhizkTere49OOcta23tkvH0xBTP0yInimTh0gstLRtb8Ki9NZVujE5UI6ffQ==",
      "dev": true,
      "dependencies": {
        "@types/react": "*"
      }
    },
    "node_modules/@types/react": {
      "version": "17.0.38",
      "license": "MIT",
      "dependencies": {
        "@types/prop-types": "*",
        "@types/scheduler": "*",
        "csstype": "^3.0.2"
      }
    },
    "node_modules/acorn": {
      "version": "8.7.0",
      "dev": true,
      "license": "MIT",
      "bin": {
        "acorn": "bin/acorn"
      },
      "engines": {
        "node": ">=0.4.0"
      }
    },
    "node_modules/argparse": {
      "version": "2.0.1",
      "dev": true,
      "license": "Python-2.0"
    },
    "node_modules/axios": {
      "version": "0.25.0",
      "resolved": "https://registry.npmjs.org/axios/-/axios-0.25.0.tgz",
      "integrity": "sha512-cD8FOb0tRH3uuEe6+evtAbgJtfxr7ly3fQjYcMcuPlgkwVS9xboaVIpcDV+cYQe+yGykgwZCs1pzjntcGa6l5g==",
      "dependencies": {
        "follow-redirects": "^1.14.7"
      }
    },
    "node_modules/classnames": {
      "version": "2.3.1",
      "resolved": "https://registry.npmjs.org/classnames/-/classnames-2.3.1.tgz",
      "integrity": "sha512-OlQdbZ7gLfGarSqxesMesDa5uz7KFbID8Kpq/SxIoNGDqY8lSYs0D+hhtBXhcdB3rcbXArFr7vlHheLk1voeNA=="
    },
    "node_modules/clsx": {
      "version": "1.1.1",
      "resolved": "https://registry.npmjs.org/clsx/-/clsx-1.1.1.tgz",
      "integrity": "sha512-6/bPho624p3S2pMyvP5kKBPXnI3ufHLObBFCfgx+LkeR5lg2XYy2hqZqUf45ypD8COn2bhgGJSUE+l5dhNBieA==",
      "engines": {
        "node": ">=6"
      }
    },
    "node_modules/cookie": {
      "version": "0.4.2",
      "resolved": "https://registry.npmjs.org/cookie/-/cookie-0.4.2.tgz",
      "integrity": "sha512-aSWTXFzaKWkvHO1Ny/s+ePFpvKsPnjc551iI41v3ny/ow6tBG5Vd+FuqGNhh1LxOmVzOlGUriIlOaokOvhaStA==",
      "engines": {
        "node": ">= 0.6"
      }
    },
    "node_modules/css-styled": {
      "version": "1.0.0",
      "resolved": "https://registry.npmjs.org/css-styled/-/css-styled-1.0.0.tgz",
      "integrity": "sha512-lDdPvM2/djv+La110zVY3RGQ7X4OOlzLS+IEjRcn8UlUmJd1+GNcGfDFmsKWwnLBupsY1w0QM1gRgV4RdcCjfw==",
      "dependencies": {
        "@daybrush/utils": "^1.0.0",
        "string-hash": "^1.1.3"
      },
      "peerDependencies": {
        "@daybrush/utils": ">=1.0.0"
      }
    },
    "node_modules/css-to-mat": {
      "version": "1.0.3",
      "resolved": "https://registry.npmjs.org/css-to-mat/-/css-to-mat-1.0.3.tgz",
      "integrity": "sha512-HADRhVqPc8wFqEp6ClK+uuPYg+FMBinNo2ReLyI/KQCncmHPJ60o5zldyJG7NjsTqXWbdfGJO51jnoxfMvWJiA==",
      "dependencies": {
        "@daybrush/utils": "^1.3.1",
        "@scena/matrix": "^1.0.0"
      }
    },
    "node_modules/eslint": {
      "version": "8.8.0",
      "dev": true,
      "license": "MIT",
      "dependencies": {
        "@eslint/eslintrc": "^1.0.5",
        "@humanwhocodes/config-array": "^0.9.2",
        "ajv": "^6.10.0",
        "chalk": "^4.0.0",
        "cross-spawn": "^7.0.2",
        "debug": "^4.3.2",
        "doctrine": "^3.0.0",
        "escape-string-regexp": "^4.0.0",
        "eslint-scope": "^7.1.0",
        "eslint-utils": "^3.0.0",
        "eslint-visitor-keys": "^3.2.0",
        "espree": "^9.3.0",
        "esquery": "^1.4.0",
        "esutils": "^2.0.2",
        "fast-deep-equal": "^3.1.3",
        "file-entry-cache": "^6.0.1",
        "functional-red-black-tree": "^1.0.1",
        "glob-parent": "^6.0.1",
        "globals": "^13.6.0",
        "ignore": "^5.2.0",
        "import-fresh": "^3.0.0",
        "imurmurhash": "^0.1.4",
        "is-glob": "^4.0.0",
        "js-yaml": "^4.1.0",
        "json-stable-stringify-without-jsonify": "^1.0.1",
        "levn": "^0.4.1",
        "lodash.merge": "^4.6.2",
        "minimatch": "^3.0.4",
        "natural-compare": "^1.4.0",
        "optionator": "^0.9.1",
        "regexpp": "^3.2.0",
        "strip-ansi": "^6.0.1",
        "strip-json-comments": "^3.1.0",
        "text-table": "^0.2.0",
        "v8-compile-cache": "^2.0.3"
      },
      "bin": {
        "eslint": "bin/eslint.js"
      },
      "engines": {
        "node": "^12.22.0 || ^14.17.0 || >=16.0.0"
      },
      "funding": {
        "url": "https://opencollective.com/eslint"
      }
    },
    "node_modules/eslint-config-next": {
      "version": "12.0.9",
      "dev": true,
      "license": "MIT",
      "dependencies": {
        "@next/eslint-plugin-next": "12.0.9",
        "@rushstack/eslint-patch": "^1.0.8",
        "@typescript-eslint/parser": "^5.0.0",
        "eslint-import-resolver-node": "^0.3.4",
        "eslint-import-resolver-typescript": "^2.4.0",
        "eslint-plugin-import": "^2.25.2",
        "eslint-plugin-jsx-a11y": "^6.5.1",
        "eslint-plugin-react": "^7.27.0",
        "eslint-plugin-react-hooks": "^4.3.0"
      },
      "peerDependencies": {
        "eslint": "^7.23.0 || ^8.0.0",
        "next": ">=10.2.0",
        "typescript": ">=3.3.1"
      },
      "peerDependenciesMeta": {
        "typescript": {
          "optional": true
        }
      }
    },
    "node_modules/eslint-scope": {
      "version": "7.1.0",
      "dev": true,
      "license": "BSD-2-Clause",
      "dependencies": {
        "esrecurse": "^4.3.0",
        "estraverse": "^5.2.0"
      },
      "engines": {
        "node": "^12.22.0 || ^14.17.0 || >=16.0.0"
      }
    },
    "node_modules/eslint-utils": {
      "version": "3.0.0",
      "dev": true,
      "license": "MIT",
      "dependencies": {
        "eslint-visitor-keys": "^2.0.0"
      },
      "engines": {
        "node": "^10.0.0 || ^12.0.0 || >= 14.0.0"
      },
      "funding": {
        "url": "https://github.com/sponsors/mysticatea"
      },
      "peerDependencies": {
        "eslint": ">=5"
      }
    },
    "node_modules/eslint/node_modules/eslint-visitor-keys": {
      "version": "3.2.0",
      "dev": true,
      "license": "Apache-2.0",
      "engines": {
        "node": "^12.22.0 || ^14.17.0 || >=16.0.0"
      }
    },
    "node_modules/eslint/node_modules/ignore": {
      "version": "5.2.0",
      "dev": true,
      "license": "MIT",
      "engines": {
        "node": ">= 4"
      }
    },
    "node_modules/espree": {
      "version": "9.3.0",
      "dev": true,
      "license": "BSD-2-Clause",
      "dependencies": {
        "acorn": "^8.7.0",
        "acorn-jsx": "^5.3.1",
        "eslint-visitor-keys": "^3.1.0"
      },
      "engines": {
        "node": "^12.22.0 || ^14.17.0 || >=16.0.0"
      }
    },
    "node_modules/espree/node_modules/eslint-visitor-keys": {
      "version": "3.2.0",
      "dev": true,
      "license": "Apache-2.0",
      "engines": {
        "node": "^12.22.0 || ^14.17.0 || >=16.0.0"
      }
    },
    "node_modules/file-saver": {
      "version": "2.0.5",
      "resolved": "https://registry.npmjs.org/file-saver/-/file-saver-2.0.5.tgz",
      "integrity": "sha512-P9bmyZ3h/PRG+Nzga+rbdI4OEpNDzAVyy74uVO9ATgzLK6VtAsYybF/+TOCvrc0MO793d6+42lLyZTw7/ArVzA=="
    },
    "node_modules/follow-redirects": {
      "version": "1.14.8",
      "resolved": "https://registry.npmjs.org/follow-redirects/-/follow-redirects-1.14.8.tgz",
      "integrity": "sha512-1x0S9UVJHsQprFcEC/qnNzBLcIxsjAV905f/UkQxbclCsoTWlacCNOpQa/anodLl2uaEKFhfWOvM2Qg77+15zA==",
      "funding": [
        {
          "type": "individual",
          "url": "https://github.com/sponsors/RubenVerborgh"
        }
      ],
      "engines": {
        "node": ">=4.0"
      },
      "peerDependenciesMeta": {
        "debug": {
          "optional": true
        }
      }
    },
    "node_modules/framework-utils": {
      "version": "1.1.0",
      "resolved": "https://registry.npmjs.org/framework-utils/-/framework-utils-1.1.0.tgz",
      "integrity": "sha512-KAfqli5PwpFJ8o3psRNs8svpMGyCSAe8nmGcjQ0zZBWN2H6dZDnq+ABp3N3hdUmFeMrLtjOCTXD4yplUJIWceg=="
    },
    "node_modules/gesto": {
      "version": "1.5.0",
      "resolved": "https://registry.npmjs.org/gesto/-/gesto-1.5.0.tgz",
      "integrity": "sha512-1spR2y85HCNol4i8J5CXOI0BtQYzpgCq7PRCcdlieUw80wfl7dFc7K/Zy5ocKZRomV9yFLCEBndwDGFLpucFOA==",
      "dependencies": {
        "@daybrush/utils": "^1.0.0",
        "@scena/event-emitter": "^1.0.2"
      }
    },
    "node_modules/glob-parent": {
      "version": "6.0.2",
      "dev": true,
      "license": "ISC",
      "dependencies": {
        "is-glob": "^4.0.3"
      },
      "engines": {
        "node": ">=10.13.0"
      }
    },
    "node_modules/hoist-non-react-statics": {
      "version": "3.3.2",
      "resolved": "https://registry.npmjs.org/hoist-non-react-statics/-/hoist-non-react-statics-3.3.2.tgz",
      "integrity": "sha512-/gGivxi8JPKWNm/W0jSmzcMPpfpPLc3dY/6GxhX2hQ9iGj3aDfklV4ET7NjKpSinLpJ5vafa9iiGIEZg10SfBw==",
      "dependencies": {
        "react-is": "^16.7.0"
      }
    },
    "node_modules/js-tokens": {
      "version": "4.0.0",
      "resolved": "https://registry.npmjs.org/js-tokens/-/js-tokens-4.0.0.tgz",
      "integrity": "sha512-RdJUflcE3cUzKiMqQgsCu06FPu9UdIJO0beYbPhHN4k6apgJtifcoCtT9bcxOpYBtpD2kCM6Sbzg4CausW/PKQ=="
    },
    "node_modules/js-yaml": {
      "version": "4.1.0",
      "dev": true,
      "license": "MIT",
      "dependencies": {
        "argparse": "^2.0.1"
      },
      "bin": {
        "js-yaml": "bin/js-yaml.js"
      }
    },
    "node_modules/keycode": {
      "version": "2.2.1",
      "resolved": "https://registry.npmjs.org/keycode/-/keycode-2.2.1.tgz",
      "integrity": "sha512-Rdgz9Hl9Iv4QKi8b0OlCRQEzp4AgVxyCtz5S/+VIHezDmrDhkp2N2TqBWOLz0/gbeREXOOiI9/4b8BY9uw2vFg=="
    },
    "node_modules/keycon": {
      "version": "1.1.2",
      "resolved": "https://registry.npmjs.org/keycon/-/keycon-1.1.2.tgz",
      "integrity": "sha512-yCoUAfwqmQUWrtOFuZhicxasF/4ae+M0aH8yV1wEKKZCZql8v6jWhlVF9dT5i1TfuHSmgt/GNuCaWIHT8wk6eQ==",
      "dependencies": {
        "@daybrush/utils": "^1.0.0",
        "@scena/event-emitter": "^1.0.2",
        "keycode": "^2.2.0"
      }
    },
    "node_modules/loose-envify": {
      "version": "1.4.0",
      "resolved": "https://registry.npmjs.org/loose-envify/-/loose-envify-1.4.0.tgz",
      "integrity": "sha512-lyuxPGr/Wfhrlem2CL/UcnUc1zcqKAImBDzukY7Y5F/yQiNdko6+fRLevlw1HgMySw7f611UIY408EtxRSoK3Q==",
      "dependencies": {
        "js-tokens": "^3.0.0 || ^4.0.0"
      },
      "bin": {
        "loose-envify": "cli.js"
      }
    },
    "node_modules/next": {
      "version": "12.0.9",
      "license": "MIT",
      "dependencies": {
        "@next/env": "12.0.9",
        "caniuse-lite": "^1.0.30001283",
        "postcss": "8.4.5",
        "styled-jsx": "5.0.0",
        "use-subscription": "1.5.1"
      },
      "bin": {
        "next": "dist/bin/next"
      },
      "engines": {
        "node": ">=12.22.0"
      },
      "optionalDependencies": {
        "@next/swc-android-arm64": "12.0.9",
        "@next/swc-darwin-arm64": "12.0.9",
        "@next/swc-darwin-x64": "12.0.9",
        "@next/swc-linux-arm-gnueabihf": "12.0.9",
        "@next/swc-linux-arm64-gnu": "12.0.9",
        "@next/swc-linux-arm64-musl": "12.0.9",
        "@next/swc-linux-x64-gnu": "12.0.9",
        "@next/swc-linux-x64-musl": "12.0.9",
        "@next/swc-win32-arm64-msvc": "12.0.9",
        "@next/swc-win32-ia32-msvc": "12.0.9",
        "@next/swc-win32-x64-msvc": "12.0.9"
      },
      "peerDependencies": {
        "fibers": ">= 3.1.0",
        "node-sass": "^4.0.0 || ^5.0.0 || ^6.0.0",
        "react": "^17.0.2 || ^18.0.0-0",
        "react-dom": "^17.0.2 || ^18.0.0-0",
        "sass": "^1.3.0"
      },
      "peerDependenciesMeta": {
        "fibers": {
          "optional": true
        },
        "node-sass": {
          "optional": true
        },
        "sass": {
          "optional": true
        }
      }
    },
    "node_modules/next-connect": {
      "version": "0.11.1",
      "resolved": "https://registry.npmjs.org/next-connect/-/next-connect-0.11.1.tgz",
      "integrity": "sha512-qdFXRVN8TP4vBtqcifc2E/OsLamp5gtBqMl3gWSW9bCO2TBJovjvvQGZEv7eSGxHoqvGGn8rO/t4qTUKPUCPFw==",
      "dependencies": {
        "trouter": "^3.2.0"
      }
    },
    "node_modules/next-themes": {
      "version": "0.0.15",
      "resolved": "https://registry.npmjs.org/next-themes/-/next-themes-0.0.15.tgz",
      "integrity": "sha512-LTmtqYi03c4gMTJmWwVK9XkHL7h0/+XrtR970Ujvtu3s0kZNeJN24aJsi4rkZOI8i19+qq6f8j+8Duwy5jqcrQ==",
      "peerDependencies": {
        "next": "*",
        "react": "*",
        "react-dom": "*"
      }
    },
    "node_modules/object-assign": {
      "version": "4.1.1",
      "resolved": "https://registry.npmjs.org/object-assign/-/object-assign-4.1.1.tgz",
      "integrity": "sha1-IQmtx5ZYh8/AXLvUQsrIv7s2CGM=",
      "engines": {
        "node": ">=0.10.0"
      }
    },
    "node_modules/overlap-area": {
      "version": "1.0.0",
      "resolved": "https://registry.npmjs.org/overlap-area/-/overlap-area-1.0.0.tgz",
      "integrity": "sha512-Oi3hxRf6Flvv1upldnjOtV7euFkc75G/wsxYfS/ssNKEZ3Z+HbIoPHkFfLH3hgwqLJKpq9wdFo7I6xcdS6k8yg==",
      "dependencies": {
        "@daybrush/utils": "^1.3.1"
      }
    },
    "node_modules/postcss": {
      "version": "8.4.5",
      "license": "MIT",
      "dependencies": {
        "nanoid": "^3.1.30",
        "picocolors": "^1.0.0",
        "source-map-js": "^1.0.1"
      },
      "engines": {
        "node": "^10 || ^12 || >=14"
      },
      "funding": {
        "type": "opencollective",
        "url": "https://opencollective.com/postcss/"
      }
    },
    "node_modules/prop-types": {
      "version": "15.8.1",
      "resolved": "https://registry.npmjs.org/prop-types/-/prop-types-15.8.1.tgz",
      "integrity": "sha512-oj87CgZICdulUohogVAR7AjlC0327U4el4L6eAvOqCeudMDVU0NThNaV+b9Df4dXgSP1gXMTnPdhfe/2qDH5cg==",
      "dependencies": {
        "loose-envify": "^1.4.0",
        "object-assign": "^4.1.1",
        "react-is": "^16.13.1"
      }
    },
    "node_modules/qr.js": {
      "version": "0.0.0",
      "resolved": "https://registry.npmjs.org/qr.js/-/qr.js-0.0.0.tgz",
      "integrity": "sha1-ys6GOG9ZoNuAUPqQ2baw6IoeNk8="
    },
    "node_modules/qrcode.react": {
      "version": "1.0.1",
      "resolved": "https://registry.npmjs.org/qrcode.react/-/qrcode.react-1.0.1.tgz",
      "integrity": "sha512-8d3Tackk8IRLXTo67Y+c1rpaiXjoz/Dd2HpcMdW//62/x8J1Nbho14Kh8x974t9prsLHN6XqVgcnRiBGFptQmg==",
      "dependencies": {
        "loose-envify": "^1.4.0",
        "prop-types": "^15.6.0",
        "qr.js": "0.0.0"
      },
      "peerDependencies": {
        "react": "^15.5.3 || ^16.0.0 || ^17.0.0"
      }
    },
    "node_modules/react": {
      "version": "17.0.2",
      "resolved": "https://registry.npmjs.org/react/-/react-17.0.2.tgz",
      "integrity": "sha512-gnhPt75i/dq/z3/6q/0asP78D0u592D5L1pd7M8P+dck6Fu/jJeL6iVVK23fptSUZj8Vjf++7wXA8UNclGQcbA==",
      "dependencies": {
        "loose-envify": "^1.1.0",
        "object-assign": "^4.1.1"
      },
      "engines": {
        "node": ">=0.10.0"
      }
    },
    "node_modules/react-cookie": {
      "version": "4.1.1",
      "resolved": "https://registry.npmjs.org/react-cookie/-/react-cookie-4.1.1.tgz",
      "integrity": "sha512-ffn7Y7G4bXiFbnE+dKhHhbP+b8I34mH9jqnm8Llhj89zF4nPxPutxHT1suUqMeCEhLDBI7InYwf1tpaSoK5w8A==",
      "dependencies": {
        "@types/hoist-non-react-statics": "^3.0.1",
        "hoist-non-react-statics": "^3.0.0",
        "universal-cookie": "^4.0.0"
      },
      "peerDependencies": {
        "react": ">= 16.3.0"
      }
    },
    "node_modules/react-dom": {
      "version": "17.0.2",
      "resolved": "https://registry.npmjs.org/react-dom/-/react-dom-17.0.2.tgz",
      "integrity": "sha512-s4h96KtLDUQlsENhMn1ar8t2bEa+q/YAtj8pPPdIjPDGBDIVNsrD9aXNWqspUe6AzKCIG0C1HZZLqLV7qpOBGA==",
      "dependencies": {
        "loose-envify": "^1.1.0",
        "object-assign": "^4.1.1",
        "scheduler": "^0.20.2"
      },
      "peerDependencies": {
        "react": "17.0.2"
      }
    },
    "node_modules/react-feather": {
      "version": "2.0.9",
      "resolved": "https://registry.npmjs.org/react-feather/-/react-feather-2.0.9.tgz",
      "integrity": "sha512-yMfCGRkZdXwIs23Zw/zIWCJO3m3tlaUvtHiXlW+3FH7cIT6fiK1iJ7RJWugXq7Fso8ZaQyUm92/GOOHXvkiVUw==",
      "dependencies": {
        "prop-types": "^15.7.2"
      },
      "peerDependencies": {
        "react": "^16.8.6 || ^17"
      }
    },
    "node_modules/react-is": {
      "version": "16.13.1",
      "resolved": "https://registry.npmjs.org/react-is/-/react-is-16.13.1.tgz",
      "integrity": "sha512-24e6ynE2H+OKt4kqsOvNd8kBpV65zoxbA4BVsEOB3ARVWQki/DHzaUoC5KuON/BiccDaCCTZBuOcfZs70kR8bQ=="
    },
    "node_modules/react-selecto": {
      "version": "1.13.2",
      "resolved": "https://registry.npmjs.org/react-selecto/-/react-selecto-1.13.2.tgz",
      "integrity": "sha512-n4Eb8nKK9cSGeWJsoOtFzOHOkIJ6mBdZ4WnYE6k6r8o6biZMHJuKGSMNHCd9CBxtAI9YAQL5cePpe5K+T+o1LQ==",
      "dependencies": {
        "selecto": "~1.13.2"
      }
    },
    "node_modules/react-toastify": {
      "version": "8.2.0",
      "resolved": "https://registry.npmjs.org/react-toastify/-/react-toastify-8.2.0.tgz",
      "integrity": "sha512-Pg2Ju7NngAamarFvLwqrFomJ57u/Ay6i6zfLurt/qPynWkAkOthu6vxfqYpJCyNhHRhR4hu7+bySSeWWJu6PAg==",
      "dependencies": {
        "clsx": "^1.1.1"
      },
      "peerDependencies": {
        "react": ">=16",
        "react-dom": ">=16"
      }
    },
    "node_modules/regexparam": {
      "version": "1.3.0",
      "resolved": "https://registry.npmjs.org/regexparam/-/regexparam-1.3.0.tgz",
      "integrity": "sha512-6IQpFBv6e5vz1QAqI+V4k8P2e/3gRrqfCJ9FI+O1FLQTO+Uz6RXZEZOPmTJ6hlGj7gkERzY5BRCv09whKP96/g==",
      "engines": {
        "node": ">=6"
      }
    },
    "node_modules/scheduler": {
      "version": "0.20.2",
      "resolved": "https://registry.npmjs.org/scheduler/-/scheduler-0.20.2.tgz",
      "integrity": "sha512-2eWfGgAqqWFGqtdMmcL5zCMK1U8KlXv8SQFGglL3CEtd0aDVDWgeF/YoCmvln55m5zSk3J/20hTaSBeSObsQDQ==",
      "dependencies": {
        "loose-envify": "^1.1.0",
        "object-assign": "^4.1.1"
      }
    },
    "node_modules/selecto": {
      "version": "1.13.2",
      "resolved": "https://registry.npmjs.org/selecto/-/selecto-1.13.2.tgz",
      "integrity": "sha512-wRRLXGuzHxDqxzdconjS0WwqW8QAcuZg2pxYZiRZloQP8sWyWvIwAJko+mAS+N0Nb8D3ut24J4fo0gGTN1ppQw==",
      "dependencies": {
        "@daybrush/utils": "^1.4.0",
        "@egjs/children-differ": "^1.0.1",
        "@scena/dragscroll": "^1.0.2",
        "@scena/event-emitter": "^1.0.5",
        "css-styled": "^1.0.0",
        "css-to-mat": "^1.0.3",
        "framework-utils": "^1.1.0",
        "gesto": "^1.5.0",
        "keycon": "^1.1.2",
        "overlap-area": "^1.0.0"
      }
    },
    "node_modules/string-hash": {
      "version": "1.1.3",
      "resolved": "https://registry.npmjs.org/string-hash/-/string-hash-1.1.3.tgz",
      "integrity": "sha1-6Kr8CsGFW0Zmkp7X3RJ1311sgRs="
    },
    "node_modules/styled-jsx": {
      "version": "5.0.0",
      "license": "MIT",
      "engines": {
        "node": ">= 12.0.0"
      },
      "peerDependencies": {
        "react": ">= 16.8.0 || 17.x.x || 18.x.x"
      },
      "peerDependenciesMeta": {
        "@babel/core": {
          "optional": true
        },
        "babel-plugin-macros": {
          "optional": true
        }
      }
    },
    "node_modules/trouter": {
      "version": "3.2.0",
      "resolved": "https://registry.npmjs.org/trouter/-/trouter-3.2.0.tgz",
      "integrity": "sha512-rLLXbhTObLy2MBVjLC+jTnoIKw99n0GuJs9ov10J870vDw5qhTurPzsDrudNtBf5w/CZ9ctZy2p2IMmhGcel2w==",
      "dependencies": {
        "regexparam": "^1.3.0"
      },
      "engines": {
        "node": ">=6"
      }
    },
    "node_modules/typescript": {
      "version": "4.5.5",
      "resolved": "https://registry.npmjs.org/typescript/-/typescript-4.5.5.tgz",
      "integrity": "sha512-TCTIul70LyWe6IJWT8QSYeA54WQe8EjQFU4wY52Fasj5UKx88LNYKCgBEHcOMOrFF1rKGbD8v/xcNWVUq9SymA==",
      "dev": true,
      "bin": {
        "tsc": "bin/tsc",
        "tsserver": "bin/tsserver"
      },
      "engines": {
        "node": ">=4.2.0"
      }
    },
    "node_modules/universal-cookie": {
      "version": "4.0.4",
      "resolved": "https://registry.npmjs.org/universal-cookie/-/universal-cookie-4.0.4.tgz",
      "integrity": "sha512-lbRVHoOMtItjWbM7TwDLdl8wug7izB0tq3/YVKhT/ahB4VDvWMyvnADfnJI8y6fSvsjh51Ix7lTGC6Tn4rMPhw==",
      "dependencies": {
        "@types/cookie": "^0.3.3",
        "cookie": "^0.4.0"
      }
    }
  },
  "dependencies": {
    "@daybrush/utils": {
      "version": "1.6.0",
      "resolved": "https://registry.npmjs.org/@daybrush/utils/-/utils-1.6.0.tgz",
      "integrity": "sha512-9MjMoOLl1U+l8lXByN3BbLZXf+mktoLyeb6t78Jz2WZ7LRldK0FNg8oW//9giO2hHCUyxS7LX6jS1hToGIfRWA=="
    },
    "@egjs/children-differ": {
      "version": "1.0.1",
      "resolved": "https://registry.npmjs.org/@egjs/children-differ/-/children-differ-1.0.1.tgz",
      "integrity": "sha512-DRvyqMf+CPCOzAopQKHtW+X8iN6Hy6SFol+/7zCUiE5y4P/OB8JP8FtU4NxtZwtafvSL4faD5KoQYPj3JHzPFQ==",
      "requires": {
        "@egjs/list-differ": "^1.0.0"
      }
    },
    "@egjs/list-differ": {
      "version": "1.0.0",
      "resolved": "https://registry.npmjs.org/@egjs/list-differ/-/list-differ-1.0.0.tgz",
      "integrity": "sha512-HsbMKc0ZAQH+EUeCmI/2PvTYSybmkaWwakU8QGDYYgMVIg9BQ5sM0A0Nnombjxo2+JzXHxmH+jw//yGX+y6GYw=="
    },
    "@eslint/eslintrc": {
      "version": "1.0.5",
      "dev": true,
      "requires": {
        "ajv": "^6.12.4",
        "debug": "^4.3.2",
        "espree": "^9.2.0",
        "globals": "^13.9.0",
        "ignore": "^4.0.6",
        "import-fresh": "^3.2.1",
        "js-yaml": "^4.1.0",
        "minimatch": "^3.0.4",
        "strip-json-comments": "^3.1.1"
      }
    },
    "@humanwhocodes/config-array": {
      "version": "0.9.3",
      "dev": true,
      "requires": {
        "@humanwhocodes/object-schema": "^1.2.1",
        "debug": "^4.1.1",
        "minimatch": "^3.0.4"
      }
    },
    "@next/env": {
      "version": "12.0.9"
    },
    "@next/eslint-plugin-next": {
      "version": "12.0.9",
      "dev": true,
      "requires": {
        "glob": "7.1.7"
      }
    },
    "@next/swc-darwin-arm64": {
      "version": "12.0.9",
      "optional": true
    },
    "@scena/dragscroll": {
      "version": "1.0.3",
      "resolved": "https://registry.npmjs.org/@scena/dragscroll/-/dragscroll-1.0.3.tgz",
      "integrity": "sha512-jkQ6i9+a4mNBQRQUPtagyV5/P2NauHKp5on4pcnHIRLFG25sPFy3h/VwwgNXwtQFRS1S6taBpnA5Nk87zwg42w==",
      "requires": {
        "@daybrush/utils": "1.6.0",
        "@scena/event-emitter": "^1.0.2"
      }
    },
    "@scena/event-emitter": {
      "version": "1.0.5",
      "resolved": "https://registry.npmjs.org/@scena/event-emitter/-/event-emitter-1.0.5.tgz",
      "integrity": "sha512-AzY4OTb0+7ynefmWFQ6hxDdk0CySAq/D4efljfhtRHCOP7MBF9zUfhKG3TJiroVjASqVgkRJFdenS8ArZo6Olg==",
      "requires": {
        "@daybrush/utils": "^1.1.1"
      }
    },
    "@scena/matrix": {
      "version": "1.1.1",
      "resolved": "https://registry.npmjs.org/@scena/matrix/-/matrix-1.1.1.tgz",
      "integrity": "sha512-JVKBhN0tm2Srl+Yt+Ywqu0oLgLcdemDQlD1OxmN9jaCTwaFPZ7tY8n6dhVgMEaR9qcR7r+kAlMXnSfNyYdE+Vg==",
      "requires": {
        "@daybrush/utils": "^1.4.0"
      }
    },
    "@types/cookie": {
      "version": "0.3.3",
      "resolved": "https://registry.npmjs.org/@types/cookie/-/cookie-0.3.3.tgz",
      "integrity": "sha512-LKVP3cgXBT9RYj+t+9FDKwS5tdI+rPBXaNSkma7hvqy35lc7mAokC2zsqWJH0LaqIt3B962nuYI77hsJoT1gow=="
    },
    "@types/file-saver": {
      "version": "2.0.5",
      "resolved": "https://registry.npmjs.org/@types/file-saver/-/file-saver-2.0.5.tgz",
      "integrity": "sha512-zv9kNf3keYegP5oThGLaPk8E081DFDuwfqjtiTzm6PoxChdJ1raSuADf2YGCVIyrSynLrgc8JWv296s7Q7pQSQ==",
      "dev": true
    },
    "@types/hoist-non-react-statics": {
      "version": "3.3.1",
      "resolved": "https://registry.npmjs.org/@types/hoist-non-react-statics/-/hoist-non-react-statics-3.3.1.tgz",
      "integrity": "sha512-iMIqiko6ooLrTh1joXodJK5X9xeEALT1kM5G3ZLhD3hszxBdIEd5C75U834D9mLcINgD4OyZf5uQXjkuYydWvA==",
      "requires": {
        "@types/react": "*",
        "hoist-non-react-statics": "^3.3.0"
      }
    },
    "@types/node": {
      "version": "17.0.13",
      "dev": true
    },
    "@types/qrcode.react": {
      "version": "1.0.2",
      "resolved": "https://registry.npmjs.org/@types/qrcode.react/-/qrcode.react-1.0.2.tgz",
      "integrity": "sha512-I9Oq5Cjlkgy3Tw7krCnCXLw2/zMhizkTere49OOcta23tkvH0xBTP0yInimTh0gstLRtb8Ki9NZVujE5UI6ffQ==",
      "dev": true,
      "requires": {
        "@types/react": "*"
      }
    },
    "@types/react": {
      "version": "17.0.38",
      "requires": {
        "@types/prop-types": "*",
        "@types/scheduler": "*",
        "csstype": "^3.0.2"
      }
    },
    "acorn": {
      "version": "8.7.0",
      "dev": true
    },
    "argparse": {
      "version": "2.0.1",
      "dev": true
    },
    "axios": {
      "version": "0.25.0",
      "resolved": "https://registry.npmjs.org/axios/-/axios-0.25.0.tgz",
      "integrity": "sha512-cD8FOb0tRH3uuEe6+evtAbgJtfxr7ly3fQjYcMcuPlgkwVS9xboaVIpcDV+cYQe+yGykgwZCs1pzjntcGa6l5g==",
      "requires": {
        "follow-redirects": "^1.14.7"
      }
    },
    "classnames": {
      "version": "2.3.1",
      "resolved": "https://registry.npmjs.org/classnames/-/classnames-2.3.1.tgz",
      "integrity": "sha512-OlQdbZ7gLfGarSqxesMesDa5uz7KFbID8Kpq/SxIoNGDqY8lSYs0D+hhtBXhcdB3rcbXArFr7vlHheLk1voeNA=="
    },
    "clsx": {
      "version": "1.1.1",
      "resolved": "https://registry.npmjs.org/clsx/-/clsx-1.1.1.tgz",
      "integrity": "sha512-6/bPho624p3S2pMyvP5kKBPXnI3ufHLObBFCfgx+LkeR5lg2XYy2hqZqUf45ypD8COn2bhgGJSUE+l5dhNBieA=="
    },
    "cookie": {
      "version": "0.4.2",
      "resolved": "https://registry.npmjs.org/cookie/-/cookie-0.4.2.tgz",
      "integrity": "sha512-aSWTXFzaKWkvHO1Ny/s+ePFpvKsPnjc551iI41v3ny/ow6tBG5Vd+FuqGNhh1LxOmVzOlGUriIlOaokOvhaStA=="
    },
    "css-styled": {
      "version": "1.0.0",
      "resolved": "https://registry.npmjs.org/css-styled/-/css-styled-1.0.0.tgz",
      "integrity": "sha512-lDdPvM2/djv+La110zVY3RGQ7X4OOlzLS+IEjRcn8UlUmJd1+GNcGfDFmsKWwnLBupsY1w0QM1gRgV4RdcCjfw==",
      "requires": {
        "@daybrush/utils": "^1.0.0",
        "string-hash": "^1.1.3"
      }
    },
    "css-to-mat": {
      "version": "1.0.3",
      "resolved": "https://registry.npmjs.org/css-to-mat/-/css-to-mat-1.0.3.tgz",
      "integrity": "sha512-HADRhVqPc8wFqEp6ClK+uuPYg+FMBinNo2ReLyI/KQCncmHPJ60o5zldyJG7NjsTqXWbdfGJO51jnoxfMvWJiA==",
      "requires": {
        "@daybrush/utils": "^1.3.1",
        "@scena/matrix": "^1.0.0"
      }
    },
    "eslint": {
      "version": "8.8.0",
      "dev": true,
      "requires": {
        "@eslint/eslintrc": "^1.0.5",
        "@humanwhocodes/config-array": "^0.9.2",
        "ajv": "^6.10.0",
        "chalk": "^4.0.0",
        "cross-spawn": "^7.0.2",
        "debug": "^4.3.2",
        "doctrine": "^3.0.0",
        "escape-string-regexp": "^4.0.0",
        "eslint-scope": "^7.1.0",
        "eslint-utils": "^3.0.0",
        "eslint-visitor-keys": "^3.2.0",
        "espree": "^9.3.0",
        "esquery": "^1.4.0",
        "esutils": "^2.0.2",
        "fast-deep-equal": "^3.1.3",
        "file-entry-cache": "^6.0.1",
        "functional-red-black-tree": "^1.0.1",
        "glob-parent": "^6.0.1",
        "globals": "^13.6.0",
        "ignore": "^5.2.0",
        "import-fresh": "^3.0.0",
        "imurmurhash": "^0.1.4",
        "is-glob": "^4.0.0",
        "js-yaml": "^4.1.0",
        "json-stable-stringify-without-jsonify": "^1.0.1",
        "levn": "^0.4.1",
        "lodash.merge": "^4.6.2",
        "minimatch": "^3.0.4",
        "natural-compare": "^1.4.0",
        "optionator": "^0.9.1",
        "regexpp": "^3.2.0",
        "strip-ansi": "^6.0.1",
        "strip-json-comments": "^3.1.0",
        "text-table": "^0.2.0",
        "v8-compile-cache": "^2.0.3"
      },
      "dependencies": {
        "eslint-visitor-keys": {
          "version": "3.2.0",
          "dev": true
        },
        "ignore": {
          "version": "5.2.0",
          "dev": true
        }
      }
    },
    "eslint-config-next": {
      "version": "12.0.9",
      "dev": true,
      "requires": {
        "@next/eslint-plugin-next": "12.0.9",
        "@rushstack/eslint-patch": "^1.0.8",
        "@typescript-eslint/parser": "^5.0.0",
        "eslint-import-resolver-node": "^0.3.4",
        "eslint-import-resolver-typescript": "^2.4.0",
        "eslint-plugin-import": "^2.25.2",
        "eslint-plugin-jsx-a11y": "^6.5.1",
        "eslint-plugin-react": "^7.27.0",
        "eslint-plugin-react-hooks": "^4.3.0"
      }
    },
    "eslint-scope": {
      "version": "7.1.0",
      "dev": true,
      "requires": {
        "esrecurse": "^4.3.0",
        "estraverse": "^5.2.0"
      }
    },
    "eslint-utils": {
      "version": "3.0.0",
      "dev": true,
      "requires": {
        "eslint-visitor-keys": "^2.0.0"
      }
    },
    "espree": {
      "version": "9.3.0",
      "dev": true,
      "requires": {
        "acorn": "^8.7.0",
        "acorn-jsx": "^5.3.1",
        "eslint-visitor-keys": "^3.1.0"
      },
      "dependencies": {
        "eslint-visitor-keys": {
          "version": "3.2.0",
          "dev": true
        }
      }
    },
    "file-saver": {
      "version": "2.0.5",
      "resolved": "https://registry.npmjs.org/file-saver/-/file-saver-2.0.5.tgz",
      "integrity": "sha512-P9bmyZ3h/PRG+Nzga+rbdI4OEpNDzAVyy74uVO9ATgzLK6VtAsYybF/+TOCvrc0MO793d6+42lLyZTw7/ArVzA=="
    },
    "follow-redirects": {
      "version": "1.14.8",
      "resolved": "https://registry.npmjs.org/follow-redirects/-/follow-redirects-1.14.8.tgz",
      "integrity": "sha512-1x0S9UVJHsQprFcEC/qnNzBLcIxsjAV905f/UkQxbclCsoTWlacCNOpQa/anodLl2uaEKFhfWOvM2Qg77+15zA=="
    },
    "framework-utils": {
      "version": "1.1.0",
      "resolved": "https://registry.npmjs.org/framework-utils/-/framework-utils-1.1.0.tgz",
      "integrity": "sha512-KAfqli5PwpFJ8o3psRNs8svpMGyCSAe8nmGcjQ0zZBWN2H6dZDnq+ABp3N3hdUmFeMrLtjOCTXD4yplUJIWceg=="
    },
    "gesto": {
      "version": "1.5.0",
      "resolved": "https://registry.npmjs.org/gesto/-/gesto-1.5.0.tgz",
      "integrity": "sha512-1spR2y85HCNol4i8J5CXOI0BtQYzpgCq7PRCcdlieUw80wfl7dFc7K/Zy5ocKZRomV9yFLCEBndwDGFLpucFOA==",
      "requires": {
        "@daybrush/utils": "^1.0.0",
        "@scena/event-emitter": "^1.0.2"
      }
    },
    "glob-parent": {
      "version": "6.0.2",
      "dev": true,
      "requires": {
        "is-glob": "^4.0.3"
      }
    },
    "hoist-non-react-statics": {
      "version": "3.3.2",
      "resolved": "https://registry.npmjs.org/hoist-non-react-statics/-/hoist-non-react-statics-3.3.2.tgz",
      "integrity": "sha512-/gGivxi8JPKWNm/W0jSmzcMPpfpPLc3dY/6GxhX2hQ9iGj3aDfklV4ET7NjKpSinLpJ5vafa9iiGIEZg10SfBw==",
      "requires": {
        "react-is": "^16.7.0"
      }
    },
    "js-tokens": {
      "version": "4.0.0",
      "resolved": "https://registry.npmjs.org/js-tokens/-/js-tokens-4.0.0.tgz",
      "integrity": "sha512-RdJUflcE3cUzKiMqQgsCu06FPu9UdIJO0beYbPhHN4k6apgJtifcoCtT9bcxOpYBtpD2kCM6Sbzg4CausW/PKQ=="
    },
    "js-yaml": {
      "version": "4.1.0",
      "dev": true,
      "requires": {
        "argparse": "^2.0.1"
      }
    },
    "keycode": {
      "version": "2.2.1",
      "resolved": "https://registry.npmjs.org/keycode/-/keycode-2.2.1.tgz",
      "integrity": "sha512-Rdgz9Hl9Iv4QKi8b0OlCRQEzp4AgVxyCtz5S/+VIHezDmrDhkp2N2TqBWOLz0/gbeREXOOiI9/4b8BY9uw2vFg=="
    },
    "keycon": {
      "version": "1.1.2",
      "resolved": "https://registry.npmjs.org/keycon/-/keycon-1.1.2.tgz",
      "integrity": "sha512-yCoUAfwqmQUWrtOFuZhicxasF/4ae+M0aH8yV1wEKKZCZql8v6jWhlVF9dT5i1TfuHSmgt/GNuCaWIHT8wk6eQ==",
      "requires": {
        "@daybrush/utils": "^1.0.0",
        "@scena/event-emitter": "^1.0.2",
        "keycode": "^2.2.0"
      }
    },
    "loose-envify": {
      "version": "1.4.0",
      "resolved": "https://registry.npmjs.org/loose-envify/-/loose-envify-1.4.0.tgz",
      "integrity": "sha512-lyuxPGr/Wfhrlem2CL/UcnUc1zcqKAImBDzukY7Y5F/yQiNdko6+fRLevlw1HgMySw7f611UIY408EtxRSoK3Q==",
      "requires": {
        "js-tokens": "^3.0.0 || ^4.0.0"
      }
    },
    "next": {
      "version": "12.0.9",
      "requires": {
        "@next/env": "12.0.9",
        "@next/swc-android-arm64": "12.0.9",
        "@next/swc-darwin-arm64": "12.0.9",
        "@next/swc-darwin-x64": "12.0.9",
        "@next/swc-linux-arm-gnueabihf": "12.0.9",
        "@next/swc-linux-arm64-gnu": "12.0.9",
        "@next/swc-linux-arm64-musl": "12.0.9",
        "@next/swc-linux-x64-gnu": "12.0.9",
        "@next/swc-linux-x64-musl": "12.0.9",
        "@next/swc-win32-arm64-msvc": "12.0.9",
        "@next/swc-win32-ia32-msvc": "12.0.9",
        "@next/swc-win32-x64-msvc": "12.0.9",
        "caniuse-lite": "^1.0.30001283",
        "postcss": "8.4.5",
        "styled-jsx": "5.0.0",
        "use-subscription": "1.5.1"
      }
    },
    "next-connect": {
      "version": "0.11.1",
      "resolved": "https://registry.npmjs.org/next-connect/-/next-connect-0.11.1.tgz",
      "integrity": "sha512-qdFXRVN8TP4vBtqcifc2E/OsLamp5gtBqMl3gWSW9bCO2TBJovjvvQGZEv7eSGxHoqvGGn8rO/t4qTUKPUCPFw==",
      "requires": {
        "trouter": "^3.2.0"
      }
    },
    "next-themes": {
      "version": "0.0.15",
      "resolved": "https://registry.npmjs.org/next-themes/-/next-themes-0.0.15.tgz",
      "integrity": "sha512-LTmtqYi03c4gMTJmWwVK9XkHL7h0/+XrtR970Ujvtu3s0kZNeJN24aJsi4rkZOI8i19+qq6f8j+8Duwy5jqcrQ==",
      "requires": {}
    },
    "object-assign": {
      "version": "4.1.1",
      "resolved": "https://registry.npmjs.org/object-assign/-/object-assign-4.1.1.tgz",
      "integrity": "sha1-IQmtx5ZYh8/AXLvUQsrIv7s2CGM="
    },
    "overlap-area": {
      "version": "1.0.0",
      "resolved": "https://registry.npmjs.org/overlap-area/-/overlap-area-1.0.0.tgz",
      "integrity": "sha512-Oi3hxRf6Flvv1upldnjOtV7euFkc75G/wsxYfS/ssNKEZ3Z+HbIoPHkFfLH3hgwqLJKpq9wdFo7I6xcdS6k8yg==",
      "requires": {
        "@daybrush/utils": "^1.3.1"
      }
    },
    "postcss": {
      "version": "8.4.5",
      "requires": {
        "nanoid": "^3.1.30",
        "picocolors": "^1.0.0",
        "source-map-js": "^1.0.1"
      }
    },
    "prop-types": {
      "version": "15.8.1",
      "resolved": "https://registry.npmjs.org/prop-types/-/prop-types-15.8.1.tgz",
      "integrity": "sha512-oj87CgZICdulUohogVAR7AjlC0327U4el4L6eAvOqCeudMDVU0NThNaV+b9Df4dXgSP1gXMTnPdhfe/2qDH5cg==",
      "requires": {
        "loose-envify": "^1.4.0",
        "object-assign": "^4.1.1",
        "react-is": "^16.13.1"
      }
    },
    "qr.js": {
      "version": "0.0.0",
      "resolved": "https://registry.npmjs.org/qr.js/-/qr.js-0.0.0.tgz",
      "integrity": "sha1-ys6GOG9ZoNuAUPqQ2baw6IoeNk8="
    },
    "qrcode.react": {
      "version": "1.0.1",
      "resolved": "https://registry.npmjs.org/qrcode.react/-/qrcode.react-1.0.1.tgz",
      "integrity": "sha512-8d3Tackk8IRLXTo67Y+c1rpaiXjoz/Dd2HpcMdW//62/x8J1Nbho14Kh8x974t9prsLHN6XqVgcnRiBGFptQmg==",
      "requires": {
        "loose-envify": "^1.4.0",
        "prop-types": "^15.6.0",
        "qr.js": "0.0.0"
      }
    },
    "react": {
      "version": "17.0.2",
      "resolved": "https://registry.npmjs.org/react/-/react-17.0.2.tgz",
      "integrity": "sha512-gnhPt75i/dq/z3/6q/0asP78D0u592D5L1pd7M8P+dck6Fu/jJeL6iVVK23fptSUZj8Vjf++7wXA8UNclGQcbA==",
      "requires": {
        "loose-envify": "^1.1.0",
        "object-assign": "^4.1.1"
      }
    },
    "react-cookie": {
      "version": "4.1.1",
      "resolved": "https://registry.npmjs.org/react-cookie/-/react-cookie-4.1.1.tgz",
      "integrity": "sha512-ffn7Y7G4bXiFbnE+dKhHhbP+b8I34mH9jqnm8Llhj89zF4nPxPutxHT1suUqMeCEhLDBI7InYwf1tpaSoK5w8A==",
      "requires": {
        "@types/hoist-non-react-statics": "^3.0.1",
        "hoist-non-react-statics": "^3.0.0",
        "universal-cookie": "^4.0.0"
      }
    },
    "react-dom": {
      "version": "17.0.2",
      "resolved": "https://registry.npmjs.org/react-dom/-/react-dom-17.0.2.tgz",
      "integrity": "sha512-s4h96KtLDUQlsENhMn1ar8t2bEa+q/YAtj8pPPdIjPDGBDIVNsrD9aXNWqspUe6AzKCIG0C1HZZLqLV7qpOBGA==",
      "requires": {
        "loose-envify": "^1.1.0",
        "object-assign": "^4.1.1",
        "scheduler": "^0.20.2"
      }
    },
    "react-feather": {
      "version": "2.0.9",
      "resolved": "https://registry.npmjs.org/react-feather/-/react-feather-2.0.9.tgz",
      "integrity": "sha512-yMfCGRkZdXwIs23Zw/zIWCJO3m3tlaUvtHiXlW+3FH7cIT6fiK1iJ7RJWugXq7Fso8ZaQyUm92/GOOHXvkiVUw==",
      "requires": {
        "prop-types": "^15.7.2"
      }
    },
    "react-is": {
      "version": "16.13.1",
      "resolved": "https://registry.npmjs.org/react-is/-/react-is-16.13.1.tgz",
      "integrity": "sha512-24e6ynE2H+OKt4kqsOvNd8kBpV65zoxbA4BVsEOB3ARVWQki/DHzaUoC5KuON/BiccDaCCTZBuOcfZs70kR8bQ=="
    },
    "react-selecto": {
      "version": "1.13.2",
      "resolved": "https://registry.npmjs.org/react-selecto/-/react-selecto-1.13.2.tgz",
      "integrity": "sha512-n4Eb8nKK9cSGeWJsoOtFzOHOkIJ6mBdZ4WnYE6k6r8o6biZMHJuKGSMNHCd9CBxtAI9YAQL5cePpe5K+T+o1LQ==",
      "requires": {
        "selecto": "~1.13.2"
      }
    },
    "react-toastify": {
      "version": "8.2.0",
      "resolved": "https://registry.npmjs.org/react-toastify/-/react-toastify-8.2.0.tgz",
      "integrity": "sha512-Pg2Ju7NngAamarFvLwqrFomJ57u/Ay6i6zfLurt/qPynWkAkOthu6vxfqYpJCyNhHRhR4hu7+bySSeWWJu6PAg==",
      "requires": {
        "clsx": "^1.1.1"
      }
    },
    "regexparam": {
      "version": "1.3.0",
      "resolved": "https://registry.npmjs.org/regexparam/-/regexparam-1.3.0.tgz",
      "integrity": "sha512-6IQpFBv6e5vz1QAqI+V4k8P2e/3gRrqfCJ9FI+O1FLQTO+Uz6RXZEZOPmTJ6hlGj7gkERzY5BRCv09whKP96/g=="
    },
    "scheduler": {
      "version": "0.20.2",
      "resolved": "https://registry.npmjs.org/scheduler/-/scheduler-0.20.2.tgz",
      "integrity": "sha512-2eWfGgAqqWFGqtdMmcL5zCMK1U8KlXv8SQFGglL3CEtd0aDVDWgeF/YoCmvln55m5zSk3J/20hTaSBeSObsQDQ==",
      "requires": {
        "loose-envify": "^1.1.0",
        "object-assign": "^4.1.1"
      }
    },
    "selecto": {
      "version": "1.13.2",
      "resolved": "https://registry.npmjs.org/selecto/-/selecto-1.13.2.tgz",
      "integrity": "sha512-wRRLXGuzHxDqxzdconjS0WwqW8QAcuZg2pxYZiRZloQP8sWyWvIwAJko+mAS+N0Nb8D3ut24J4fo0gGTN1ppQw==",
      "requires": {
        "@daybrush/utils": "^1.4.0",
        "@egjs/children-differ": "^1.0.1",
        "@scena/dragscroll": "^1.0.2",
        "@scena/event-emitter": "^1.0.5",
        "css-styled": "^1.0.0",
        "css-to-mat": "^1.0.3",
        "framework-utils": "^1.1.0",
        "gesto": "^1.5.0",
        "keycon": "^1.1.2",
        "overlap-area": "^1.0.0"
      }
    },
    "string-hash": {
      "version": "1.1.3",
      "resolved": "https://registry.npmjs.org/string-hash/-/string-hash-1.1.3.tgz",
      "integrity": "sha1-6Kr8CsGFW0Zmkp7X3RJ1311sgRs="
    },
    "styled-jsx": {
      "version": "5.0.0",
      "requires": {}
    },
    "trouter": {
      "version": "3.2.0",
      "resolved": "https://registry.npmjs.org/trouter/-/trouter-3.2.0.tgz",
      "integrity": "sha512-rLLXbhTObLy2MBVjLC+jTnoIKw99n0GuJs9ov10J870vDw5qhTurPzsDrudNtBf5w/CZ9ctZy2p2IMmhGcel2w==",
      "requires": {
        "regexparam": "^1.3.0"
      }
    },
    "typescript": {
      "version": "4.5.5",
      "resolved": "https://registry.npmjs.org/typescript/-/typescript-4.5.5.tgz",
      "integrity": "sha512-TCTIul70LyWe6IJWT8QSYeA54WQe8EjQFU4wY52Fasj5UKx88LNYKCgBEHcOMOrFF1rKGbD8v/xcNWVUq9SymA==",
      "dev": true
    },
    "universal-cookie": {
      "version": "4.0.4",
      "resolved": "https://registry.npmjs.org/universal-cookie/-/universal-cookie-4.0.4.tgz",
      "integrity": "sha512-lbRVHoOMtItjWbM7TwDLdl8wug7izB0tq3/YVKhT/ahB4VDvWMyvnADfnJI8y6fSvsjh51Ix7lTGC6Tn4rMPhw==",
      "requires": {
        "@types/cookie": "^0.3.3",
        "cookie": "^0.4.0"
      }
    }
  }
}
